
Microsoft Visual Studio Solution File, Format Version 12.00
# Visual Studio Version 16
VisualStudioVersion = 16.0.31105.61
MinimumVisualStudioVersion = 10.0.40219.1
Project("{9A19103F-16F7-4668-BE54-9A1E7A4F7556}") = "TwitterNumberBot", "TwitterNumberBot\TwitterNumberBot.csproj", "{DACF1B47-F1CF-4DD1-B3C3-A70873685286}"
EndProject
Global
	GlobalSection(SolutionConfigurationPlatforms) = preSolution
		Debug|Any CPU = Debug|Any CPU
		Release|Any CPU = Release|Any CPU
	EndGlobalSection
	GlobalSection(ProjectConfigurationPlatforms) = postSolution
		{DACF1B47-F1CF-4DD1-B3C3-A70873685286}.Debug|Any CPU.ActiveCfg = Debug|Any CPU
		{DACF1B47-F1CF-4DD1-B3C3-A70873685286}.Debug|Any CPU.Build.0 = Debug|Any CPU
		{DACF1B47-F1CF-4DD1-B3C3-A70873685286}.Release|Any CPU.ActiveCfg = Release|Any CPU
		{DACF1B47-F1CF-4DD1-B3C3-A70873685286}.Release|Any CPU.Build.0 = Release|Any CPU
	EndGlobalSection
	GlobalSection(SolutionProperties) = preSolution
		HideSolutionNode = FALSE
	EndGlobalSection
	GlobalSection(ExtensibilityGlobals) = postSolution
		SolutionGuid = {DB4B7392-831B-4411-968F-130C4C4DCF13}
	EndGlobalSection
EndGlobal
